
Microsoft Visual Studio Solution File, Format Version 12.00
# Visual Studio Version 16
VisualStudioVersion = 16.0.29025.244
MinimumVisualStudioVersion = 10.0.40219.1
Project("{9A19103F-16F7-4668-BE54-9A1E7A4F7556}") = "UnitTests", "FamilyMoneyTest\UnitTests.csproj", "{44FB9258-1F25-49E0-BA57-E163F27EE219}"
EndProject
Project("{FAE04EC0-301F-11D3-BF4B-00C04F79EFBC}") = "FamilyMoney.UWP", "FamilyMoney.UWP\FamilyMoney.UWP.csproj", "{D85BEB9C-B882-4D2D-A4B8-B7796CC84CC9}"
EndProject
Project("{2150E333-8FDC-42A3-9474-1A3956D46DE8}") = "Lib", "Lib", "{5086EC9A-1A41-434A-9BEB-143F8408DC40}"
EndProject
Project("{9A19103F-16F7-4668-BE54-9A1E7A4F7556}") = "FamilyMoneyLib.NetStandard", "FamilyMoneyLib.NetStandard\FamilyMoneyLib.NetStandard.csproj", "{C85DC9B8-7BAA-4EF9-A261-30E59F6E48B1}"
EndProject
Project("{2150E333-8FDC-42A3-9474-1A3956D46DE8}") = "Apps", "Apps", "{D43A08CA-D585-4EF8-A77F-B0E290E3B7A9}"
EndProject
Project("{2150E333-8FDC-42A3-9474-1A3956D46DE8}") = "Tests", "Tests", "{0B474225-7F84-4C6C-B334-2F249076FA20}"
EndProject
Project("{9A19103F-16F7-4668-BE54-9A1E7A4F7556}") = "IntegrationTests", "ItegrationTests\IntegrationTests.csproj", "{674A3C94-DB60-4C56-BA87-11A8819822DB}"
EndProject
Project("{9A19103F-16F7-4668-BE54-9A1E7A4F7556}") = "FamilyMoney.ViewModels.NetStandard", "FamilyMoney.ViewModels.NetStandard\FamilyMoney.ViewModels.NetStandard.csproj", "{1961637F-FEB4-46B4-86F6-A543783CC92F}"
EndProject
Project("{FAE04EC0-301F-11D3-BF4B-00C04F79EFBC}") = "FamilyMoney.Shared.NetStandard", "FamilyMoney.Shared.NetStandard\FamilyMoney.Shared.NetStandard.csproj", "{62C0646D-BAA3-4E5A-B8FC-F3A723996F31}"
EndProject
Global
	GlobalSection(SolutionConfigurationPlatforms) = preSolution
		Debug|Any CPU = Debug|Any CPU
		Debug|ARM = Debug|ARM
		Debug|ARM64 = Debug|ARM64
		Debug|x64 = Debug|x64
		Debug|x86 = Debug|x86
		Release|Any CPU = Release|Any CPU
		Release|ARM = Release|ARM
		Release|ARM64 = Release|ARM64
		Release|x64 = Release|x64
		Release|x86 = Release|x86
	EndGlobalSection
	GlobalSection(ProjectConfigurationPlatforms) = postSolution
		{44FB9258-1F25-49E0-BA57-E163F27EE219}.Debug|Any CPU.ActiveCfg = Debug|Any CPU
		{44FB9258-1F25-49E0-BA57-E163F27EE219}.Debug|Any CPU.Build.0 = Debug|Any CPU
		{44FB9258-1F25-49E0-BA57-E163F27EE219}.Debug|ARM.ActiveCfg = Debug|Any CPU
		{44FB9258-1F25-49E0-BA57-E163F27EE219}.Debug|ARM.Build.0 = Debug|Any CPU
		{44FB9258-1F25-49E0-BA57-E163F27EE219}.Debug|ARM64.ActiveCfg = Debug|Any CPU
		{44FB9258-1F25-49E0-BA57-E163F27EE219}.Debug|ARM64.Build.0 = Debug|Any CPU
		{44FB9258-1F25-49E0-BA57-E163F27EE219}.Debug|x64.ActiveCfg = Debug|Any CPU
		{44FB9258-1F25-49E0-BA57-E163F27EE219}.Debug|x64.Build.0 = Debug|Any CPU
		{44FB9258-1F25-49E0-BA57-E163F27EE219}.Debug|x86.ActiveCfg = Debug|Any CPU
		{44FB9258-1F25-49E0-BA57-E163F27EE219}.Debug|x86.Build.0 = Debug|Any CPU
		{44FB9258-1F25-49E0-BA57-E163F27EE219}.Release|Any CPU.ActiveCfg = Release|Any CPU
		{44FB9258-1F25-49E0-BA57-E163F27EE219}.Release|Any CPU.Build.0 = Release|Any CPU
		{44FB9258-1F25-49E0-BA57-E163F27EE219}.Release|ARM.ActiveCfg = Release|Any CPU
		{44FB9258-1F25-49E0-BA57-E163F27EE219}.Release|ARM.Build.0 = Release|Any CPU
		{44FB9258-1F25-49E0-BA57-E163F27EE219}.Release|ARM64.ActiveCfg = Release|Any CPU
		{44FB9258-1F25-49E0-BA57-E163F27EE219}.Release|ARM64.Build.0 = Release|Any CPU
		{44FB9258-1F25-49E0-BA57-E163F27EE219}.Release|x64.ActiveCfg = Release|Any CPU
		{44FB9258-1F25-49E0-BA57-E163F27EE219}.Release|x64.Build.0 = Release|Any CPU
		{44FB9258-1F25-49E0-BA57-E163F27EE219}.Release|x86.ActiveCfg = Release|Any CPU
		{44FB9258-1F25-49E0-BA57-E163F27EE219}.Release|x86.Build.0 = Release|Any CPU
		{D85BEB9C-B882-4D2D-A4B8-B7796CC84CC9}.Debug|Any CPU.ActiveCfg = Debug|x86
		{D85BEB9C-B882-4D2D-A4B8-B7796CC84CC9}.Debug|ARM.ActiveCfg = Debug|ARM
		{D85BEB9C-B882-4D2D-A4B8-B7796CC84CC9}.Debug|ARM.Build.0 = Debug|ARM
		{D85BEB9C-B882-4D2D-A4B8-B7796CC84CC9}.Debug|ARM.Deploy.0 = Debug|ARM
		{D85BEB9C-B882-4D2D-A4B8-B7796CC84CC9}.Debug|ARM64.ActiveCfg = Debug|ARM64
		{D85BEB9C-B882-4D2D-A4B8-B7796CC84CC9}.Debug|ARM64.Build.0 = Debug|ARM64
		{D85BEB9C-B882-4D2D-A4B8-B7796CC84CC9}.Debug|ARM64.Deploy.0 = Debug|ARM64
		{D85BEB9C-B882-4D2D-A4B8-B7796CC84CC9}.Debug|x64.ActiveCfg = Debug|x64
		{D85BEB9C-B882-4D2D-A4B8-B7796CC84CC9}.Debug|x64.Build.0 = Debug|x64
		{D85BEB9C-B882-4D2D-A4B8-B7796CC84CC9}.Debug|x64.Deploy.0 = Debug|x64
		{D85BEB9C-B882-4D2D-A4B8-B7796CC84CC9}.Debug|x86.ActiveCfg = Debug|x86
		{D85BEB9C-B882-4D2D-A4B8-B7796CC84CC9}.Debug|x86.Build.0 = Debug|x86
		{D85BEB9C-B882-4D2D-A4B8-B7796CC84CC9}.Debug|x86.Deploy.0 = Debug|x86
		{D85BEB9C-B882-4D2D-A4B8-B7796CC84CC9}.Release|Any CPU.ActiveCfg = Release|x86
		{D85BEB9C-B882-4D2D-A4B8-B7796CC84CC9}.Release|ARM.ActiveCfg = Release|ARM
		{D85BEB9C-B882-4D2D-A4B8-B7796CC84CC9}.Release|ARM.Build.0 = Release|ARM
		{D85BEB9C-B882-4D2D-A4B8-B7796CC84CC9}.Release|ARM.Deploy.0 = Release|ARM
		{D85BEB9C-B882-4D2D-A4B8-B7796CC84CC9}.Release|ARM64.ActiveCfg = Release|ARM64
		{D85BEB9C-B882-4D2D-A4B8-B7796CC84CC9}.Release|ARM64.Build.0 = Release|ARM64
		{D85BEB9C-B882-4D2D-A4B8-B7796CC84CC9}.Release|ARM64.Deploy.0 = Release|ARM64
		{D85BEB9C-B882-4D2D-A4B8-B7796CC84CC9}.Release|x64.ActiveCfg = Release|x64
		{D85BEB9C-B882-4D2D-A4B8-B7796CC84CC9}.Release|x64.Build.0 = Release|x64
		{D85BEB9C-B882-4D2D-A4B8-B7796CC84CC9}.Release|x64.Deploy.0 = Release|x64
		{D85BEB9C-B882-4D2D-A4B8-B7796CC84CC9}.Release|x86.ActiveCfg = Release|x86
		{D85BEB9C-B882-4D2D-A4B8-B7796CC84CC9}.Release|x86.Build.0 = Release|x86
		{D85BEB9C-B882-4D2D-A4B8-B7796CC84CC9}.Release|x86.Deploy.0 = Release|x86
		{C85DC9B8-7BAA-4EF9-A261-30E59F6E48B1}.Debug|Any CPU.ActiveCfg = Debug|Any CPU
		{C85DC9B8-7BAA-4EF9-A261-30E59F6E48B1}.Debug|Any CPU.Build.0 = Debug|Any CPU
		{C85DC9B8-7BAA-4EF9-A261-30E59F6E48B1}.Debug|ARM.ActiveCfg = Debug|Any CPU
		{C85DC9B8-7BAA-4EF9-A261-30E59F6E48B1}.Debug|ARM.Build.0 = Debug|Any CPU
		{C85DC9B8-7BAA-4EF9-A261-30E59F6E48B1}.Debug|ARM64.ActiveCfg = Debug|Any CPU
		{C85DC9B8-7BAA-4EF9-A261-30E59F6E48B1}.Debug|ARM64.Build.0 = Debug|Any CPU
		{C85DC9B8-7BAA-4EF9-A261-30E59F6E48B1}.Debug|x64.ActiveCfg = Debug|Any CPU
		{C85DC9B8-7BAA-4EF9-A261-30E59F6E48B1}.Debug|x64.Build.0 = Debug|Any CPU
		{C85DC9B8-7BAA-4EF9-A261-30E59F6E48B1}.Debug|x86.ActiveCfg = Debug|Any CPU
		{C85DC9B8-7BAA-4EF9-A261-30E59F6E48B1}.Debug|x86.Build.0 = Debug|Any CPU
		{C85DC9B8-7BAA-4EF9-A261-30E59F6E48B1}.Release|Any CPU.ActiveCfg = Release|Any CPU
		{C85DC9B8-7BAA-4EF9-A261-30E59F6E48B1}.Release|Any CPU.Build.0 = Release|Any CPU
		{C85DC9B8-7BAA-4EF9-A261-30E59F6E48B1}.Release|ARM.ActiveCfg = Release|Any CPU
		{C85DC9B8-7BAA-4EF9-A261-30E59F6E48B1}.Release|ARM.Build.0 = Release|Any CPU
		{C85DC9B8-7BAA-4EF9-A261-30E59F6E48B1}.Release|ARM64.ActiveCfg = Release|Any CPU
		{C85DC9B8-7BAA-4EF9-A261-30E59F6E48B1}.Release|ARM64.Build.0 = Release|Any CPU
		{C85DC9B8-7BAA-4EF9-A261-30E59F6E48B1}.Release|x64.ActiveCfg = Release|Any CPU
		{C85DC9B8-7BAA-4EF9-A261-30E59F6E48B1}.Release|x64.Build.0 = Release|Any CPU
		{C85DC9B8-7BAA-4EF9-A261-30E59F6E48B1}.Release|x86.ActiveCfg = Release|Any CPU
		{C85DC9B8-7BAA-4EF9-A261-30E59F6E48B1}.Release|x86.Build.0 = Release|Any CPU
		{674A3C94-DB60-4C56-BA87-11A8819822DB}.Debug|Any CPU.ActiveCfg = Debug|Any CPU
		{674A3C94-DB60-4C56-BA87-11A8819822DB}.Debug|Any CPU.Build.0 = Debug|Any CPU
		{674A3C94-DB60-4C56-BA87-11A8819822DB}.Debug|ARM.ActiveCfg = Debug|Any CPU
		{674A3C94-DB60-4C56-BA87-11A8819822DB}.Debug|ARM.Build.0 = Debug|Any CPU
		{674A3C94-DB60-4C56-BA87-11A8819822DB}.Debug|ARM64.ActiveCfg = Debug|Any CPU
		{674A3C94-DB60-4C56-BA87-11A8819822DB}.Debug|ARM64.Build.0 = Debug|Any CPU
		{674A3C94-DB60-4C56-BA87-11A8819822DB}.Debug|x64.ActiveCfg = Debug|Any CPU
		{674A3C94-DB60-4C56-BA87-11A8819822DB}.Debug|x64.Build.0 = Debug|Any CPU
		{674A3C94-DB60-4C56-BA87-11A8819822DB}.Debug|x86.ActiveCfg = Debug|Any CPU
		{674A3C94-DB60-4C56-BA87-11A8819822DB}.Debug|x86.Build.0 = Debug|Any CPU
		{674A3C94-DB60-4C56-BA87-11A8819822DB}.Release|Any CPU.ActiveCfg = Release|Any CPU
		{674A3C94-DB60-4C56-BA87-11A8819822DB}.Release|Any CPU.Build.0 = Release|Any CPU
		{674A3C94-DB60-4C56-BA87-11A8819822DB}.Release|ARM.ActiveCfg = Release|Any CPU
		{674A3C94-DB60-4C56-BA87-11A8819822DB}.Release|ARM.Build.0 = Release|Any CPU
		{674A3C94-DB60-4C56-BA87-11A8819822DB}.Release|ARM64.ActiveCfg = Release|Any CPU
		{674A3C94-DB60-4C56-BA87-11A8819822DB}.Release|ARM64.Build.0 = Release|Any CPU
		{674A3C94-DB60-4C56-BA87-11A8819822DB}.Release|x64.ActiveCfg = Release|Any CPU
		{674A3C94-DB60-4C56-BA87-11A8819822DB}.Release|x64.Build.0 = Release|Any CPU
		{674A3C94-DB60-4C56-BA87-11A8819822DB}.Release|x86.ActiveCfg = Release|Any CPU
		{674A3C94-DB60-4C56-BA87-11A8819822DB}.Release|x86.Build.0 = Release|Any CPU
		{1961637F-FEB4-46B4-86F6-A543783CC92F}.Debug|Any CPU.ActiveCfg = Debug|Any CPU
		{1961637F-FEB4-46B4-86F6-A543783CC92F}.Debug|Any CPU.Build.0 = Debug|Any CPU
		{1961637F-FEB4-46B4-86F6-A543783CC92F}.Debug|ARM.ActiveCfg = Debug|Any CPU
		{1961637F-FEB4-46B4-86F6-A543783CC92F}.Debug|ARM.Build.0 = Debug|Any CPU
		{1961637F-FEB4-46B4-86F6-A543783CC92F}.Debug|ARM64.ActiveCfg = Debug|Any CPU
		{1961637F-FEB4-46B4-86F6-A543783CC92F}.Debug|ARM64.Build.0 = Debug|Any CPU
		{1961637F-FEB4-46B4-86F6-A543783CC92F}.Debug|x64.ActiveCfg = Debug|Any CPU
		{1961637F-FEB4-46B4-86F6-A543783CC92F}.Debug|x64.Build.0 = Debug|Any CPU
		{1961637F-FEB4-46B4-86F6-A543783CC92F}.Debug|x86.ActiveCfg = Debug|Any CPU
		{1961637F-FEB4-46B4-86F6-A543783CC92F}.Debug|x86.Build.0 = Debug|Any CPU
		{1961637F-FEB4-46B4-86F6-A543783CC92F}.Release|Any CPU.ActiveCfg = Release|Any CPU
		{1961637F-FEB4-46B4-86F6-A543783CC92F}.Release|Any CPU.Build.0 = Release|Any CPU
		{1961637F-FEB4-46B4-86F6-A543783CC92F}.Release|ARM.ActiveCfg = Release|Any CPU
		{1961637F-FEB4-46B4-86F6-A543783CC92F}.Release|ARM.Build.0 = Release|Any CPU
		{1961637F-FEB4-46B4-86F6-A543783CC92F}.Release|ARM64.ActiveCfg = Release|Any CPU
		{1961637F-FEB4-46B4-86F6-A543783CC92F}.Release|ARM64.Build.0 = Release|Any CPU
		{1961637F-FEB4-46B4-86F6-A543783CC92F}.Release|x64.ActiveCfg = Release|Any CPU
		{1961637F-FEB4-46B4-86F6-A543783CC92F}.Release|x64.Build.0 = Release|Any CPU
		{1961637F-FEB4-46B4-86F6-A543783CC92F}.Release|x86.ActiveCfg = Release|Any CPU
		{1961637F-FEB4-46B4-86F6-A543783CC92F}.Release|x86.Build.0 = Release|Any CPU
		{62C0646D-BAA3-4E5A-B8FC-F3A723996F31}.Debug|Any CPU.ActiveCfg = Debug|Any CPU
		{62C0646D-BAA3-4E5A-B8FC-F3A723996F31}.Debug|Any CPU.Build.0 = Debug|Any CPU
		{62C0646D-BAA3-4E5A-B8FC-F3A723996F31}.Debug|ARM.ActiveCfg = Debug|Any CPU
		{62C0646D-BAA3-4E5A-B8FC-F3A723996F31}.Debug|ARM.Build.0 = Debug|Any CPU
		{62C0646D-BAA3-4E5A-B8FC-F3A723996F31}.Debug|ARM64.ActiveCfg = Debug|Any CPU
		{62C0646D-BAA3-4E5A-B8FC-F3A723996F31}.Debug|ARM64.Build.0 = Debug|Any CPU
		{62C0646D-BAA3-4E5A-B8FC-F3A723996F31}.Debug|x64.ActiveCfg = Debug|Any CPU
		{62C0646D-BAA3-4E5A-B8FC-F3A723996F31}.Debug|x64.Build.0 = Debug|Any CPU
		{62C0646D-BAA3-4E5A-B8FC-F3A723996F31}.Debug|x86.ActiveCfg = Debug|Any CPU
		{62C0646D-BAA3-4E5A-B8FC-F3A723996F31}.Debug|x86.Build.0 = Debug|Any CPU
		{62C0646D-BAA3-4E5A-B8FC-F3A723996F31}.Release|Any CPU.ActiveCfg = Release|Any CPU
		{62C0646D-BAA3-4E5A-B8FC-F3A723996F31}.Release|Any CPU.Build.0 = Release|Any CPU
		{62C0646D-BAA3-4E5A-B8FC-F3A723996F31}.Release|ARM.ActiveCfg = Release|Any CPU
		{62C0646D-BAA3-4E5A-B8FC-F3A723996F31}.Release|ARM.Build.0 = Release|Any CPU
		{62C0646D-BAA3-4E5A-B8FC-F3A723996F31}.Release|ARM64.ActiveCfg = Release|Any CPU
		{62C0646D-BAA3-4E5A-B8FC-F3A723996F31}.Release|ARM64.Build.0 = Release|Any CPU
		{62C0646D-BAA3-4E5A-B8FC-F3A723996F31}.Release|x64.ActiveCfg = Release|Any CPU
		{62C0646D-BAA3-4E5A-B8FC-F3A723996F31}.Release|x64.Build.0 = Release|Any CPU
		{62C0646D-BAA3-4E5A-B8FC-F3A723996F31}.Release|x86.ActiveCfg = Release|Any CPU
		{62C0646D-BAA3-4E5A-B8FC-F3A723996F31}.Release|x86.Build.0 = Release|Any CPU
	EndGlobalSection
	GlobalSection(SolutionProperties) = preSolution
		HideSolutionNode = FALSE
	EndGlobalSection
	GlobalSection(NestedProjects) = preSolution
		{44FB9258-1F25-49E0-BA57-E163F27EE219} = {0B474225-7F84-4C6C-B334-2F249076FA20}
		{D85BEB9C-B882-4D2D-A4B8-B7796CC84CC9} = {D43A08CA-D585-4EF8-A77F-B0E290E3B7A9}
		{C85DC9B8-7BAA-4EF9-A261-30E59F6E48B1} = {5086EC9A-1A41-434A-9BEB-143F8408DC40}
		{674A3C94-DB60-4C56-BA87-11A8819822DB} = {0B474225-7F84-4C6C-B334-2F249076FA20}
		{1961637F-FEB4-46B4-86F6-A543783CC92F} = {5086EC9A-1A41-434A-9BEB-143F8408DC40}
		{62C0646D-BAA3-4E5A-B8FC-F3A723996F31} = {D43A08CA-D585-4EF8-A77F-B0E290E3B7A9}
	EndGlobalSection
	GlobalSection(ExtensibilityGlobals) = postSolution
		SolutionGuid = {4E789603-82EF-4119-AC27-9E463994E524}
	EndGlobalSection
EndGlobal
